// !$*UTF8*$!
{
	archiveVersion = 1;
	classes = {
	};
	objectVersion = 46;
	objects = {

/* Begin PBXBuildFile section */
		8D50C1331B54FAB4001D0D35 /* AppDelegate.swift in Sources */ = {isa = PBXBuildFile; fileRef = 8D50C1321B54FAB4001D0D35 /* AppDelegate.swift */; };
		8D50C1351B54FAB4001D0D35 /* MealViewController.swift in Sources */ = {isa = PBXBuildFile; fileRef = 8D50C1341B54FAB4001D0D35 /* MealViewController.swift */; };
		8D50C1381B54FAB4001D0D35 /* Main.storyboard in Resources */ = {isa = PBXBuildFile; fileRef = 8D50C1361B54FAB4001D0D35 /* Main.storyboard */; };
		8D50C13D1B54FAB4001D0D35 /* LaunchScreen.xib in Resources */ = {isa = PBXBuildFile; fileRef = 8D50C13B1B54FAB4001D0D35 /* LaunchScreen.xib */; };
		8D50C1491B54FAB4001D0D35 /* foodtrackerTests.swift in Sources */ = {isa = PBXBuildFile; fileRef = 8D50C1481B54FAB4001D0D35 /* foodtrackerTests.swift */; };
		8D5ABC221B56556100F9D0B2 /* xcassets.xcassets in Resources */ = {isa = PBXBuildFile; fileRef = 8D5ABC211B56556100F9D0B2 /* xcassets.xcassets */; };
		8D5ABC241B57C1D600F9D0B2 /* RatingControl.swift in Sources */ = {isa = PBXBuildFile; fileRef = 8D5ABC231B57C1D600F9D0B2 /* RatingControl.swift */; };
		8D5ABC261B58F16400F9D0B2 /* Meal.swift in Sources */ = {isa = PBXBuildFile; fileRef = 8D5ABC251B58F16400F9D0B2 /* Meal.swift */; };
		8D5ABC281B58F48F00F9D0B2 /* MealTableViewCell.swift in Sources */ = {isa = PBXBuildFile; fileRef = 8D5ABC271B58F48F00F9D0B2 /* MealTableViewCell.swift */; };
		8D5ABC2A1B58FAEE00F9D0B2 /* MealTableViewController.swift in Sources */ = {isa = PBXBuildFile; fileRef = 8D5ABC291B58FAEE00F9D0B2 /* MealTableViewController.swift */; };
/* End PBXBuildFile section */

/* Begin PBXContainerItemProxy section */
		8D50C1431B54FAB4001D0D35 /* PBXContainerItemProxy */ = {
			isa = PBXContainerItemProxy;
			containerPortal = 8D50C1251B54FAB4001D0D35 /* Project object */;
			proxyType = 1;
			remoteGlobalIDString = 8D50C12C1B54FAB4001D0D35;
			remoteInfo = foodtracker;
		};
/* End PBXContainerItemProxy section */

/* Begin PBXFileReference section */
		8D50C12D1B54FAB4001D0D35 /* foodtracker.app */ = {isa = PBXFileReference; explicitFileType = wrapper.application; includeInIndex = 0; path = foodtracker.app; sourceTree = BUILT_PRODUCTS_DIR; };
		8D50C1311B54FAB4001D0D35 /* Info.plist */ = {isa = PBXFileReference; lastKnownFileType = text.plist.xml; path = Info.plist; sourceTree = "<group>"; };
		8D50C1321B54FAB4001D0D35 /* AppDelegate.swift */ = {isa = PBXFileReference; lastKnownFileType = sourcecode.swift; path = AppDelegate.swift; sourceTree = "<group>"; };
		8D50C1341B54FAB4001D0D35 /* MealViewController.swift */ = {isa = PBXFileReference; lastKnownFileType = sourcecode.swift; path = MealViewController.swift; sourceTree = "<group>"; usesTabs = 0; };
		8D50C1371B54FAB4001D0D35 /* Base */ = {isa = PBXFileReference; lastKnownFileType = file.storyboard; name = Base; path = Base.lproj/Main.storyboard; sourceTree = "<group>"; };
		8D50C13C1B54FAB4001D0D35 /* Base */ = {isa = PBXFileReference; lastKnownFileType = file.xib; name = Base; path = Base.lproj/LaunchScreen.xib; sourceTree = "<group>"; };
		8D50C1421B54FAB4001D0D35 /* foodtrackerTests.xctest */ = {isa = PBXFileReference; explicitFileType = wrapper.cfbundle; includeInIndex = 0; path = foodtrackerTests.xctest; sourceTree = BUILT_PRODUCTS_DIR; };
		8D50C1471B54FAB4001D0D35 /* Info.plist */ = {isa = PBXFileReference; lastKnownFileType = text.plist.xml; path = Info.plist; sourceTree = "<group>"; };
		8D50C1481B54FAB4001D0D35 /* foodtrackerTests.swift */ = {isa = PBXFileReference; lastKnownFileType = sourcecode.swift; path = foodtrackerTests.swift; sourceTree = "<group>"; };
		8D5ABC211B56556100F9D0B2 /* xcassets.xcassets */ = {isa = PBXFileReference; lastKnownFileType = folder.assetcatalog; path = xcassets.xcassets; sourceTree = "<group>"; };
		8D5ABC231B57C1D600F9D0B2 /* RatingControl.swift */ = {isa = PBXFileReference; fileEncoding = 4; lastKnownFileType = sourcecode.swift; path = RatingControl.swift; sourceTree = "<group>"; };
		8D5ABC251B58F16400F9D0B2 /* Meal.swift */ = {isa = PBXFileReference; fileEncoding = 4; lastKnownFileType = sourcecode.swift; path = Meal.swift; sourceTree = "<group>"; };
		8D5ABC271B58F48F00F9D0B2 /* MealTableViewCell.swift */ = {isa = PBXFileReference; fileEncoding = 4; lastKnownFileType = sourcecode.swift; path = MealTableViewCell.swift; sourceTree = "<group>"; };
		8D5ABC291B58FAEE00F9D0B2 /* MealTableViewController.swift */ = {isa = PBXFileReference; fileEncoding = 4; lastKnownFileType = sourcecode.swift; path = MealTableViewController.swift; sourceTree = "<group>"; };
/* End PBXFileReference section */

/* Begin PBXFrameworksBuildPhase section */
		8D50C12A1B54FAB4001D0D35 /* Frameworks */ = {
			isa = PBXFrameworksBuildPhase;
			buildActionMask = 2147483647;
			files = (
			);
			runOnlyForDeploymentPostprocessing = 0;
		};
		8D50C13F1B54FAB4001D0D35 /* Frameworks */ = {
			isa = PBXFrameworksBuildPhase;
			buildActionMask = 2147483647;
			files = (
			);
			runOnlyForDeploymentPostprocessing = 0;
		};
/* End PBXFrameworksBuildPhase section */

/* Begin PBXGroup section */
		8D50C1241B54FAB4001D0D35 = {
			isa = PBXGroup;
			children = (
				8D50C12F1B54FAB4001D0D35 /* foodtracker */,
				8D50C1451B54FAB4001D0D35 /* foodtrackerTests */,
				8D50C12E1B54FAB4001D0D35 /* Products */,
			);
			sourceTree = "<group>";
		};
		8D50C12E1B54FAB4001D0D35 /* Products */ = {
			isa = PBXGroup;
			children = (
				8D50C12D1B54FAB4001D0D35 /* foodtracker.app */,
				8D50C1421B54FAB4001D0D35 /* foodtrackerTests.xctest */,
			);
			name = Products;
			sourceTree = "<group>";
		};
		8D50C12F1B54FAB4001D0D35 /* foodtracker */ = {
			isa = PBXGroup;
			children = (
				8D5ABC271B58F48F00F9D0B2 /* MealTableViewCell.swift */,
				8D5ABC231B57C1D600F9D0B2 /* RatingControl.swift */,
				8D5ABC211B56556100F9D0B2 /* xcassets.xcassets */,
				8D50C1321B54FAB4001D0D35 /* AppDelegate.swift */,
				8D50C1341B54FAB4001D0D35 /* MealViewController.swift */,
				8D50C1361B54FAB4001D0D35 /* Main.storyboard */,
				8D50C13B1B54FAB4001D0D35 /* LaunchScreen.xib */,
				8D50C1301B54FAB4001D0D35 /* Supporting Files */,
				8D5ABC251B58F16400F9D0B2 /* Meal.swift */,
				8D5ABC291B58FAEE00F9D0B2 /* MealTableViewController.swift */,
			);
			path = foodtracker;
			sourceTree = "<group>";
		};
		8D50C1301B54FAB4001D0D35 /* Supporting Files */ = {
			isa = PBXGroup;
			children = (
				8D50C1311B54FAB4001D0D35 /* Info.plist */,
			);
			name = "Supporting Files";
			sourceTree = "<group>";
		};
		8D50C1451B54FAB4001D0D35 /* foodtrackerTests */ = {
			isa = PBXGroup;
			children = (
				8D50C1481B54FAB4001D0D35 /* foodtrackerTests.swift */,
				8D50C1461B54FAB4001D0D35 /* Supporting Files */,
			);
			path = foodtrackerTests;
			sourceTree = "<group>";
		};
		8D50C1461B54FAB4001D0D35 /* Supporting Files */ = {
			isa = PBXGroup;
			children = (
				8D50C1471B54FAB4001D0D35 /* Info.plist */,
			);
			name = "Supporting Files";
			sourceTree = "<group>";
		};
/* End PBXGroup section */

/* Begin PBXNativeTarget section */
		8D50C12C1B54FAB4001D0D35 /* foodtracker */ = {
			isa = PBXNativeTarget;
			buildConfigurationList = 8D50C14C1B54FAB4001D0D35 /* Build configuration list for PBXNativeTarget "foodtracker" */;
			buildPhases = (
				8D50C1291B54FAB4001D0D35 /* Sources */,
				8D50C12A1B54FAB4001D0D35 /* Frameworks */,
				8D50C12B1B54FAB4001D0D35 /* Resources */,
			);
			buildRules = (
			);
			dependencies = (
			);
			name = foodtracker;
			productName = foodtracker;
			productReference = 8D50C12D1B54FAB4001D0D35 /* foodtracker.app */;
			productType = "com.apple.product-type.application";
		};
		8D50C1411B54FAB4001D0D35 /* foodtrackerTests */ = {
			isa = PBXNativeTarget;
			buildConfigurationList = 8D50C14F1B54FAB4001D0D35 /* Build configuration list for PBXNativeTarget "foodtrackerTests" */;
			buildPhases = (
				8D50C13E1B54FAB4001D0D35 /* Sources */,
				8D50C13F1B54FAB4001D0D35 /* Frameworks */,
				8D50C1401B54FAB4001D0D35 /* Resources */,
			);
			buildRules = (
			);
			dependencies = (
				8D50C1441B54FAB4001D0D35 /* PBXTargetDependency */,
			);
			name = foodtrackerTests;
			productName = foodtrackerTests;
			productReference = 8D50C1421B54FAB4001D0D35 /* foodtrackerTests.xctest */;
			productType = "com.apple.product-type.bundle.unit-test";
		};
/* End PBXNativeTarget section */

/* Begin PBXProject section */
		8D50C1251B54FAB4001D0D35 /* Project object */ = {
			isa = PBXProject;
			attributes = {
				LastUpgradeCheck = 0640;
				ORGANIZATIONNAME = blackbeans;
				TargetAttributes = {
					8D50C12C1B54FAB4001D0D35 = {
						CreatedOnToolsVersion = 6.4;
					};
					8D50C1411B54FAB4001D0D35 = {
						CreatedOnToolsVersion = 6.4;
						TestTargetID = 8D50C12C1B54FAB4001D0D35;
					};
				};
			};
			buildConfigurationList = 8D50C1281B54FAB4001D0D35 /* Build configuration list for PBXProject "foodtracker" */;
			compatibilityVersion = "Xcode 3.2";
			developmentRegion = English;
			hasScannedForEncodings = 0;
			knownRegions = (
				en,
				Base,
			);
			mainGroup = 8D50C1241B54FAB4001D0D35;
			productRefGroup = 8D50C12E1B54FAB4001D0D35 /* Products */;
			projectDirPath = "";
			projectRoot = "";
			targets = (
				8D50C12C1B54FAB4001D0D35 /* foodtracker */,
				8D50C1411B54FAB4001D0D35 /* foodtrackerTests */,
			);
		};
/* End PBXProject section */

/* Begin PBXResourcesBuildPhase section */
		8D50C12B1B54FAB4001D0D35 /* Resources */ = {
			isa = PBXResourcesBuildPhase;
			buildActionMask = 2147483647;
			files = (
				8D50C1381B54FAB4001D0D35 /* Main.storyboard in Resources */,
				8D50C13D1B54FAB4001D0D35 /* LaunchScreen.xib in Resources */,
				8D5ABC221B56556100F9D0B2 /* xcassets.xcassets in Resources */,
			);
			runOnlyForDeploymentPostprocessing = 0;
		};
		8D50C1401B54FAB4001D0D35 /* Resources */ = {
			isa = PBXResourcesBuildPhase;
			buildActionMask = 2147483647;
			files = (
			);
			runOnlyForDeploymentPostprocessing = 0;
		};
/* End PBXResourcesBuildPhase section */

/* Begin PBXSourcesBuildPhase section */
		8D50C1291B54FAB4001D0D35 /* Sources */ = {
			isa = PBXSourcesBuildPhase;
			buildActionMask = 2147483647;
			files = (
				8D5ABC261B58F16400F9D0B2 /* Meal.swift in Sources */,
				8D50C1351B54FAB4001D0D35 /* MealViewController.swift in Sources */,
				8D5ABC241B57C1D600F9D0B2 /* RatingControl.swift in Sources */,
				8D50C1331B54FAB4001D0D35 /* AppDelegate.swift in Sources */,
				8D5ABC2A1B58FAEE00F9D0B2 /* MealTableViewController.swift in Sources */,
				8D5ABC281B58F48F00F9D0B2 /* MealTableViewCell.swift in Sources */,
			);
			runOnlyForDeploymentPostprocessing = 0;
		};
		8D50C13E1B54FAB4001D0D35 /* Sources */ = {
			isa = PBXSourcesBuildPhase;
			buildActionMask = 2147483647;
			files = (
				8D50C1491B54FAB4001D0D35 /* foodtrackerTests.swift in Sources */,
			);
			runOnlyForDeploymentPostprocessing = 0;
		};
/* End PBXSourcesBuildPhase section */

/* Begin PBXTargetDependency section */
		8D50C1441B54FAB4001D0D35 /* PBXTargetDependency */ = {
			isa = PBXTargetDependency;
			target = 8D50C12C1B54FAB4001D0D35 /* foodtracker */;
			targetProxy = 8D50C1431B54FAB4001D0D35 /* PBXContainerItemProxy */;
		};
/* End PBXTargetDependency section */

/* Begin PBXVariantGroup section */
		8D50C1361B54FAB4001D0D35 /* Main.storyboard */ = {
			isa = PBXVariantGroup;
			children = (
				8D50C1371B54FAB4001D0D35 /* Base */,
			);
			name = Main.storyboard;
			sourceTree = "<group>";
		};
		8D50C13B1B54FAB4001D0D35 /* LaunchScreen.xib */ = {
			isa = PBXVariantGroup;
			children = (
				8D50C13C1B54FAB4001D0D35 /* Base */,
			);
			name = LaunchScreen.xib;
			sourceTree = "<group>";
		};
/* End PBXVariantGroup section */

/* Begin XCBuildConfiguration section */
		8D50C14A1B54FAB4001D0D35 /* Debug */ = {
			isa = XCBuildConfiguration;
			buildSettings = {
				ALWAYS_SEARCH_USER_PATHS = NO;
				CLANG_CXX_LANGUAGE_STANDARD = "gnu++0x";
				CLANG_CXX_LIBRARY = "libc++";
				CLANG_ENABLE_MODULES = YES;
				CLANG_ENABLE_OBJC_ARC = YES;
				CLANG_WARN_BOOL_CONVERSION = YES;
				CLANG_WARN_CONSTANT_CONVERSION = YES;
				CLANG_WARN_DIRECT_OBJC_ISA_USAGE = YES_ERROR;
				CLANG_WARN_EMPTY_BODY = YES;
				CLANG_WARN_ENUM_CONVERSION = YES;
				CLANG_WARN_INT_CONVERSION = YES;
				CLANG_WARN_OBJC_ROOT_CLASS = YES_ERROR;
				CLANG_WARN_UNREACHABLE_CODE = YES;
				CLANG_WARN__DUPLICATE_METHOD_MATCH = YES;
				"CODE_SIGN_IDENTITY[sdk=iphoneos*]" = "iPhone Developer";
				COPY_PHASE_STRIP = NO;
				DEBUG_INFORMATION_FORMAT = "dwarf-with-dsym";
				ENABLE_STRICT_OBJC_MSGSEND = YES;
				GCC_C_LANGUAGE_STANDARD = gnu99;
				GCC_DYNAMIC_NO_PIC = NO;
				GCC_NO_COMMON_BLOCKS = YES;
				GCC_OPTIMIZATION_LEVEL = 0;
				GCC_PREPROCESSOR_DEFINITIONS = (
					"DEBUG=1",
					"$(inherited)",
				);
				GCC_SYMBOLS_PRIVATE_EXTERN = NO;
				GCC_WARN_64_TO_32_BIT_CONVERSION = YES;
				GCC_WARN_ABOUT_RETURN_TYPE = YES_ERROR;
				GCC_WARN_UNDECLARED_SELECTOR = YES;
				GCC_WARN_UNINITIALIZED_AUTOS = YES_AGGRESSIVE;
				GCC_WARN_UNUSED_FUNCTION = YES;
				GCC_WARN_UNUSED_VARIABLE = YES;
				IPHONEOS_DEPLOYMENT_TARGET = 8.4;
				MTL_ENABLE_DEBUG_INFO = YES;
				ONLY_ACTIVE_ARCH = YES;
				SDKROOT = iphoneos;
				SWIFT_OPTIMIZATION_LEVEL = "-Onone";
			};
			name = Debug;
		};
		8D50C14B1B54FAB4001D0D35 /* Release */ = {
			isa = XCBuildConfiguration;
			buildSettings = {
				ALWAYS_SEARCH_USER_PATHS = NO;
				CLANG_CXX_LANGUAGE_STANDARD = "gnu++0x";
				CLANG_CXX_LIBRARY = "libc++";
				CLANG_ENABLE_MODULES = YES;
				CLANG_ENABLE_OBJC_ARC = YES;
				CLANG_WARN_BOOL_CONVERSION = YES;
				CLANG_WARN_CONSTANT_CONVERSION = YES;
				CLANG_WARN_DIRECT_OBJC_ISA_USAGE = YES_ERROR;
				CLANG_WARN_EMPTY_BODY = YES;
				CLANG_WARN_ENUM_CONVERSION = YES;
				CLANG_WARN_INT_CONVERSION = YES;
				CLANG_WARN_OBJC_ROOT_CLASS = YES_ERROR;
				CLANG_WARN_UNREACHABLE_CODE = YES;
				CLANG_WARN__DUPLICATE_METHOD_MATCH = YES;
				"CODE_SIGN_IDENTITY[sdk=iphoneos*]" = "iPhone Developer";
				COPY_PHASE_STRIP = NO;
				DEBUG_INFORMATION_FORMAT = "dwarf-with-dsym";
				ENABLE_NS_ASSERTIONS = NO;
				ENABLE_STRICT_OBJC_MSGSEND = YES;
				GCC_C_LANGUAGE_STANDARD = gnu99;
				GCC_NO_COMMON_BLOCKS = YES;
				GCC_WARN_64_TO_32_BIT_CONVERSION = YES;
				GCC_WARN_ABOUT_RETURN_TYPE = YES_ERROR;
				GCC_WARN_UNDECLARED_SELECTOR = YES;
				GCC_WARN_UNINITIALIZED_AUTOS = YES_AGGRESSIVE;
				GCC_WARN_UNUSED_FUNCTION = YES;
				GCC_WARN_UNUSED_VARIABLE = YES;
				IPHONEOS_DEPLOYMENT_TARGET = 8.4;
				MTL_ENABLE_DEBUG_INFO = NO;
				SDKROOT = iphoneos;
				VALIDATE_PRODUCT = YES;
			};
			name = Release;
		};
		8D50C14D1B54FAB4001D0D35 /* Debug */ = {
			isa = XCBuildConfiguration;
			buildSettings = {
				ASSETCATALOG_COMPILER_APPICON_NAME = AppIcon;
				INFOPLIST_FILE = foodtracker/Info.plist;
				LD_RUNPATH_SEARCH_PATHS = "$(inherited) @executable_path/Frameworks";
				PRODUCT_NAME = "$(TARGET_NAME)";
			};
			name = Debug;
		};
		8D50C14E1B54FAB4001D0D35 /* Release */ = {
			isa = XCBuildConfiguration;
			buildSettings = {
				ASSETCATALOG_COMPILER_APPICON_NAME = AppIcon;
				INFOPLIST_FILE = foodtracker/Info.plist;
				LD_RUNPATH_SEARCH_PATHS = "$(inherited) @executable_path/Frameworks";
				PRODUCT_NAME = "$(TARGET_NAME)";
			};
			name = Release;
		};
		8D50C1501B54FAB4001D0D35 /* Debug */ = {
			isa = XCBuildConfiguration;
			buildSettings = {
				BUNDLE_LOADER = "$(TEST_HOST)";
				FRAMEWORK_SEARCH_PATHS = (
					"$(SDKROOT)/Developer/Library/Frameworks",
					"$(inherited)",
				);
				GCC_PREPROCESSOR_DEFINITIONS = (
					"DEBUG=1",
					"$(inherited)",
				);
				INFOPLIST_FILE = foodtrackerTests/Info.plist;
				LD_RUNPATH_SEARCH_PATHS = "$(inherited) @executable_path/Frameworks @loader_path/Frameworks";
				PRODUCT_NAME = "$(TARGET_NAME)";
				TEST_HOST = "$(BUILT_PRODUCTS_DIR)/foodtracker.app/foodtracker";
			};
			name = Debug;
		};
		8D50C1511B54FAB4001D0D35 /* Release */ = {
			isa = XCBuildConfiguration;
			buildSettings = {
				BUNDLE_LOADER = "$(TEST_HOST)";
				FRAMEWORK_SEARCH_PATHS = (
					"$(SDKROOT)/Developer/Library/Frameworks",
					"$(inherited)",
				);
				INFOPLIST_FILE = foodtrackerTests/Info.plist;
				LD_RUNPATH_SEARCH_PATHS = "$(inherited) @executable_path/Frameworks @loader_path/Frameworks";
				PRODUCT_NAME = "$(TARGET_NAME)";
				TEST_HOST = "$(BUILT_PRODUCTS_DIR)/foodtracker.app/foodtracker";
			};
			name = Release;
		};
/* End XCBuildConfiguration section */

/* Begin XCConfigurationList section */
		8D50C1281B54FAB4001D0D35 /* Build configuration list for PBXProject "foodtracker" */ = {
			isa = XCConfigurationList;
			buildConfigurations = (
				8D50C14A1B54FAB4001D0D35 /* Debug */,
				8D50C14B1B54FAB4001D0D35 /* Release */,
			);
			defaultConfigurationIsVisible = 0;
			defaultConfigurationName = Release;
		};
		8D50C14C1B54FAB4001D0D35 /* Build configuration list for PBXNativeTarget "foodtracker" */ = {
			isa = XCConfigurationList;
			buildConfigurations = (
				8D50C14D1B54FAB4001D0D35 /* Debug */,
				8D50C14E1B54FAB4001D0D35 /* Release */,
			);
			defaultConfigurationIsVisible = 0;
			defaultConfigurationName = Release;
		};
		8D50C14F1B54FAB4001D0D35 /* Build configuration list for PBXNativeTarget "foodtrackerTests" */ = {
			isa = XCConfigurationList;
			buildConfigurations = (
				8D50C1501B54FAB4001D0D35 /* Debug */,
				8D50C1511B54FAB4001D0D35 /* Release */,
			);
			defaultConfigurationIsVisible = 0;
			defaultConfigurationName = Release;
		};
/* End XCConfigurationList section */
	};
	rootObject = 8D50C1251B54FAB4001D0D35 /* Project object */;
}
